
Microsoft Visual Studio Solution File, Format Version 12.00
# Visual Studio Version 16
VisualStudioVersion = 16.0.31515.178
MinimumVisualStudioVersion = 10.0.40219.1
Project("{2150E333-8FDC-42A3-9474-1A3956D46DE8}") = "CSharpBasics", "CSharpBasics", "{081C841B-9807-4D97-B395-83B59D0E7F1D}"
EndProject
Project("{2150E333-8FDC-42A3-9474-1A3956D46DE8}") = "Webinar_1", "Webinar_1", "{F10FDB37-769F-49CA-9682-A021D4C3328C}"
EndProject
Project("{2150E333-8FDC-42A3-9474-1A3956D46DE8}") = "Webinar_2", "Webinar_2", "{C8F37A06-186D-42A9-B0CC-450EEE059417}"
EndProject
Project("{2150E333-8FDC-42A3-9474-1A3956D46DE8}") = "Webinar_3", "Webinar_3", "{2813741D-ED73-4E6C-AD52-84547728B338}"
EndProject
Project("{2150E333-8FDC-42A3-9474-1A3956D46DE8}") = "MyLib", "MyLib", "{0EE272DB-0EFE-40CF-BE46-E47CA41DD9D8}"
EndProject
Project("{9A19103F-16F7-4668-BE54-9A1E7A4F7556}") = "MyLib", "CSharpBasics\MyLib\MyLib.csproj", "{2F3094A2-68ED-4EE8-BCAA-CB870751ADEF}"
EndProject
Project("{9A19103F-16F7-4668-BE54-9A1E7A4F7556}") = "W1_T3_DistanceBetweenPoints", "CSharpBasics\Webinar_1\W1_T3_DistanceBetweenPoints\W1_T3_DistanceBetweenPoints.csproj", "{6C1B3C13-958E-46C0-8C36-49FD9FFDC23C}"
EndProject
Project("{9A19103F-16F7-4668-BE54-9A1E7A4F7556}") = "W1_T1_Questionnaire", "CSharpBasics\Webinar_1\W1_T1_Questionnaire\W1_T1_Questionnaire.csproj", "{3E92A325-42BF-4904-BDC0-FDF460699BEC}"
EndProject
Project("{9A19103F-16F7-4668-BE54-9A1E7A4F7556}") = "W1_T2_BodyMassIndex", "CSharpBasics\Webinar_1\W1_T2_BodyMassIndex\W1_T2_BodyMassIndex.csproj", "{8452D70A-1408-4C05-A76C-EE0853A10941}"
EndProject
Project("{9A19103F-16F7-4668-BE54-9A1E7A4F7556}") = "W1_T4_ExchangeOfValues", "CSharpBasics\Webinar_1\W1_T4_ExchangeOfValues\W1_T4_ExchangeOfValues.csproj", "{0FE5642D-A76C-4416-990D-E47297FEACC3}"
EndProject
Project("{9A19103F-16F7-4668-BE54-9A1E7A4F7556}") = "W1_T5_ScreenCenterPrint", "CSharpBasics\Webinar_1\W1_T5_ScreenCenterPrint\W1_T5_ScreenCenterPrint.csproj", "{5E18AB5B-193E-49C8-A375-54DA0A03AC59}"
EndProject
Project("{9A19103F-16F7-4668-BE54-9A1E7A4F7556}") = "W2_T1_MinOfThreeNumbers", "CSharpBasics\Webinar_2\W2_T1_MinOfThreeNumbers\W2_T1_MinOfThreeNumbers.csproj", "{D5D793D6-9DB5-4D02-97B2-F540E651C6E5}"
EndProject
Project("{9A19103F-16F7-4668-BE54-9A1E7A4F7556}") = "W2_T2_NumberDigitQuantity", "CSharpBasics\Webinar_2\W2_T2_NumberDigitQuantity\W2_T2_NumberDigitQuantity.csproj", "{EF1CF3A5-1C06-436C-B6D8-F3F9557CCF29}"
EndProject
Project("{9A19103F-16F7-4668-BE54-9A1E7A4F7556}") = "W2_T3_SumOddPositiveNumbers", "CSharpBasics\Webinar_2\W2_T3_SumOddPositiveNumbers\W2_T3_SumOddPositiveNumbers.csproj", "{2592A902-D341-4E44-8D1D-983DB0046761}"
EndProject
Project("{9A19103F-16F7-4668-BE54-9A1E7A4F7556}") = "W2_T4_Authorization", "CSharpBasics\Webinar_2\W2_T4_Authorization\W2_T4_Authorization.csproj", "{AA632253-93F6-42CE-9E3F-29529EF2A4AB}"
EndProject
Project("{9A19103F-16F7-4668-BE54-9A1E7A4F7556}") = "W2_T5_BodyMassIndexVersion2", "CSharpBasics\Webinar_2\W2_T5_BodyMassIndexVersion2\W2_T5_BodyMassIndexVersion2.csproj", "{06AA5218-7BF3-41DD-99DF-B95C17B64AF4}"
EndProject
Project("{9A19103F-16F7-4668-BE54-9A1E7A4F7556}") = "W2_T6_GoodNumbers", "CSharpBasics\Webinar_2\W2_T6_GoodNumbers\W2_T6_GoodNumbers.csproj", "{DB8A5D67-19BA-42E6-996E-1C01F42B1BD9}"
EndProject
Project("{9A19103F-16F7-4668-BE54-9A1E7A4F7556}") = "W2_T7_RecursiveNumbersOutput", "CSharpBasics\Webinar_2\W2_T7_RecursiveNumbersOutput\W2_T7_RecursiveNumbersOutput.csproj", "{56CE3487-BCDA-463E-A7CB-F1D58AA9E993}"
EndProject
Project("{9A19103F-16F7-4668-BE54-9A1E7A4F7556}") = "W3_T1_structComplex", "CSharpBasics\Webinar_3\W3_T1_structComplex\W3_T1_structComplex.csproj", "{7A703EEA-10D7-4944-AF33-5F5C80C75DC8}"
EndProject
Project("{9A19103F-16F7-4668-BE54-9A1E7A4F7556}") = "W3_T2_SumOddPositiveNumbers", "CSharpBasics\Webinar_3\W3_T2_SumOddPositiveNumbers\W3_T2_SumOddPositiveNumbers.csproj", "{5DE6455A-4FF7-42FB-B87A-815A02FB756C}"
EndProject
Project("{9A19103F-16F7-4668-BE54-9A1E7A4F7556}") = "W3_T3_Fraction", "CSharpBasics\Webinar_3\W3_T3_Fraction\W3_T3_Fraction.csproj", "{612991BB-4A92-452E-B9CD-EBF53B70B10A}"
EndProject
Project("{2150E333-8FDC-42A3-9474-1A3956D46DE8}") = "Webinar_4", "Webinar_4", "{2BBDACDB-67C8-4EBB-982B-65B44B3AFD9C}"
EndProject
Project("{9A19103F-16F7-4668-BE54-9A1E7A4F7556}") = "W4_T1_FindPairDivThree", "CSharpBasics\Webinar_4\W4_T1_FindPairDivThree\W4_T1_FindPairDivThree.csproj", "{1EDD096B-B393-43A6-9704-C19F038BB637}"
EndProject
Project("{9A19103F-16F7-4668-BE54-9A1E7A4F7556}") = "W4_T2_TaskOneInStaticClass", "CSharpBasics\Webinar_4\W4_T2_TaskOneInStaticClass\W4_T2_TaskOneInStaticClass.csproj", "{A44ADB21-73A2-4266-878F-70CF94B26546}"
EndProject
Project("{9A19103F-16F7-4668-BE54-9A1E7A4F7556}") = "W4_T4_AuthorizationFromFile", "CSharpBasics\Webinar_4\W4_T4_AuthorizationFromFile\W4_T4_AuthorizationFromFile.csproj", "{BD317067-0DA4-4D57-9F52-729AB9D24672}"
EndProject
Project("{9A19103F-16F7-4668-BE54-9A1E7A4F7556}") = "W4_T5_TestingMyLib", "CSharpBasics\Webinar_4\W4_T5_TestingMyLib\W4_T5_TestingMyLib.csproj", "{A33F6C08-0DBF-4C64-9ADC-E72198C099A9}"
EndProject
Project("{9A19103F-16F7-4668-BE54-9A1E7A4F7556}") = "W4_T3_MyClassArray", "CSharpBasics\Webinar_4\W4_T3_MyClassArray\W4_T3_MyClassArray.csproj", "{0E5B6A16-0F45-420C-A003-0E0DABE8AB6C}"
EndProject
Project("{2150E333-8FDC-42A3-9474-1A3956D46DE8}") = "Webinar_5", "Webinar_5", "{5E2B82DC-64C6-4E26-AA80-0E8B1809DDEB}"
EndProject
Project("{9A19103F-16F7-4668-BE54-9A1E7A4F7556}") = "W5_T1_LoginValidation", "CSharpBasics\Webinar_5\W5_T1_LoginValidation\W5_T1_LoginValidation.csproj", "{3158CD08-D045-4715-94C7-1E6BB4D10B20}"
EndProject
Project("{9A19103F-16F7-4668-BE54-9A1E7A4F7556}") = "W5_T2_StaticClassMessage", "CSharpBasics\Webinar_5\W5_T2_StaticClassMessage\W5_T2_StaticClassMessage.csproj", "{51609089-FA68-4AE6-BCE2-CFC777033A15}"
EndProject
Project("{9A19103F-16F7-4668-BE54-9A1E7A4F7556}") = "W5_T3_IsAnagram", "CSharpBasics\Webinar_5\W5_T3_IsAnagram\W5_T3_IsAnagram.csproj", "{3A135837-7CFE-4E0C-A70C-8E1CA37A5781}"
EndProject
Global
	GlobalSection(SolutionConfigurationPlatforms) = preSolution
		Debug|Any CPU = Debug|Any CPU
		Release|Any CPU = Release|Any CPU
	EndGlobalSection
	GlobalSection(ProjectConfigurationPlatforms) = postSolution
		{2F3094A2-68ED-4EE8-BCAA-CB870751ADEF}.Debug|Any CPU.ActiveCfg = Debug|Any CPU
		{2F3094A2-68ED-4EE8-BCAA-CB870751ADEF}.Debug|Any CPU.Build.0 = Debug|Any CPU
		{2F3094A2-68ED-4EE8-BCAA-CB870751ADEF}.Release|Any CPU.ActiveCfg = Release|Any CPU
		{2F3094A2-68ED-4EE8-BCAA-CB870751ADEF}.Release|Any CPU.Build.0 = Release|Any CPU
		{6C1B3C13-958E-46C0-8C36-49FD9FFDC23C}.Debug|Any CPU.ActiveCfg = Debug|Any CPU
		{6C1B3C13-958E-46C0-8C36-49FD9FFDC23C}.Debug|Any CPU.Build.0 = Debug|Any CPU
		{6C1B3C13-958E-46C0-8C36-49FD9FFDC23C}.Release|Any CPU.ActiveCfg = Release|Any CPU
		{6C1B3C13-958E-46C0-8C36-49FD9FFDC23C}.Release|Any CPU.Build.0 = Release|Any CPU
		{3E92A325-42BF-4904-BDC0-FDF460699BEC}.Debug|Any CPU.ActiveCfg = Debug|Any CPU
		{3E92A325-42BF-4904-BDC0-FDF460699BEC}.Debug|Any CPU.Build.0 = Debug|Any CPU
		{3E92A325-42BF-4904-BDC0-FDF460699BEC}.Release|Any CPU.ActiveCfg = Release|Any CPU
		{3E92A325-42BF-4904-BDC0-FDF460699BEC}.Release|Any CPU.Build.0 = Release|Any CPU
		{8452D70A-1408-4C05-A76C-EE0853A10941}.Debug|Any CPU.ActiveCfg = Debug|Any CPU
		{8452D70A-1408-4C05-A76C-EE0853A10941}.Debug|Any CPU.Build.0 = Debug|Any CPU
		{8452D70A-1408-4C05-A76C-EE0853A10941}.Release|Any CPU.ActiveCfg = Release|Any CPU
		{8452D70A-1408-4C05-A76C-EE0853A10941}.Release|Any CPU.Build.0 = Release|Any CPU
		{0FE5642D-A76C-4416-990D-E47297FEACC3}.Debug|Any CPU.ActiveCfg = Debug|Any CPU
		{0FE5642D-A76C-4416-990D-E47297FEACC3}.Debug|Any CPU.Build.0 = Debug|Any CPU
		{0FE5642D-A76C-4416-990D-E47297FEACC3}.Release|Any CPU.ActiveCfg = Release|Any CPU
		{0FE5642D-A76C-4416-990D-E47297FEACC3}.Release|Any CPU.Build.0 = Release|Any CPU
		{5E18AB5B-193E-49C8-A375-54DA0A03AC59}.Debug|Any CPU.ActiveCfg = Debug|Any CPU
		{5E18AB5B-193E-49C8-A375-54DA0A03AC59}.Debug|Any CPU.Build.0 = Debug|Any CPU
		{5E18AB5B-193E-49C8-A375-54DA0A03AC59}.Release|Any CPU.ActiveCfg = Release|Any CPU
		{5E18AB5B-193E-49C8-A375-54DA0A03AC59}.Release|Any CPU.Build.0 = Release|Any CPU
		{D5D793D6-9DB5-4D02-97B2-F540E651C6E5}.Debug|Any CPU.ActiveCfg = Debug|Any CPU
		{D5D793D6-9DB5-4D02-97B2-F540E651C6E5}.Debug|Any CPU.Build.0 = Debug|Any CPU
		{D5D793D6-9DB5-4D02-97B2-F540E651C6E5}.Release|Any CPU.ActiveCfg = Release|Any CPU
		{D5D793D6-9DB5-4D02-97B2-F540E651C6E5}.Release|Any CPU.Build.0 = Release|Any CPU
		{EF1CF3A5-1C06-436C-B6D8-F3F9557CCF29}.Debug|Any CPU.ActiveCfg = Debug|Any CPU
		{EF1CF3A5-1C06-436C-B6D8-F3F9557CCF29}.Debug|Any CPU.Build.0 = Debug|Any CPU
		{EF1CF3A5-1C06-436C-B6D8-F3F9557CCF29}.Release|Any CPU.ActiveCfg = Release|Any CPU
		{EF1CF3A5-1C06-436C-B6D8-F3F9557CCF29}.Release|Any CPU.Build.0 = Release|Any CPU
		{2592A902-D341-4E44-8D1D-983DB0046761}.Debug|Any CPU.ActiveCfg = Debug|Any CPU
		{2592A902-D341-4E44-8D1D-983DB0046761}.Debug|Any CPU.Build.0 = Debug|Any CPU
		{2592A902-D341-4E44-8D1D-983DB0046761}.Release|Any CPU.ActiveCfg = Release|Any CPU
		{2592A902-D341-4E44-8D1D-983DB0046761}.Release|Any CPU.Build.0 = Release|Any CPU
		{AA632253-93F6-42CE-9E3F-29529EF2A4AB}.Debug|Any CPU.ActiveCfg = Debug|Any CPU
		{AA632253-93F6-42CE-9E3F-29529EF2A4AB}.Debug|Any CPU.Build.0 = Debug|Any CPU
		{AA632253-93F6-42CE-9E3F-29529EF2A4AB}.Release|Any CPU.ActiveCfg = Release|Any CPU
		{AA632253-93F6-42CE-9E3F-29529EF2A4AB}.Release|Any CPU.Build.0 = Release|Any CPU
		{06AA5218-7BF3-41DD-99DF-B95C17B64AF4}.Debug|Any CPU.ActiveCfg = Debug|Any CPU
		{06AA5218-7BF3-41DD-99DF-B95C17B64AF4}.Debug|Any CPU.Build.0 = Debug|Any CPU
		{06AA5218-7BF3-41DD-99DF-B95C17B64AF4}.Release|Any CPU.ActiveCfg = Release|Any CPU
		{06AA5218-7BF3-41DD-99DF-B95C17B64AF4}.Release|Any CPU.Build.0 = Release|Any CPU
		{DB8A5D67-19BA-42E6-996E-1C01F42B1BD9}.Debug|Any CPU.ActiveCfg = Debug|Any CPU
		{DB8A5D67-19BA-42E6-996E-1C01F42B1BD9}.Debug|Any CPU.Build.0 = Debug|Any CPU
		{DB8A5D67-19BA-42E6-996E-1C01F42B1BD9}.Release|Any CPU.ActiveCfg = Release|Any CPU
		{DB8A5D67-19BA-42E6-996E-1C01F42B1BD9}.Release|Any CPU.Build.0 = Release|Any CPU
		{56CE3487-BCDA-463E-A7CB-F1D58AA9E993}.Debug|Any CPU.ActiveCfg = Debug|Any CPU
		{56CE3487-BCDA-463E-A7CB-F1D58AA9E993}.Debug|Any CPU.Build.0 = Debug|Any CPU
		{56CE3487-BCDA-463E-A7CB-F1D58AA9E993}.Release|Any CPU.ActiveCfg = Release|Any CPU
		{56CE3487-BCDA-463E-A7CB-F1D58AA9E993}.Release|Any CPU.Build.0 = Release|Any CPU
		{7A703EEA-10D7-4944-AF33-5F5C80C75DC8}.Debug|Any CPU.ActiveCfg = Debug|Any CPU
		{7A703EEA-10D7-4944-AF33-5F5C80C75DC8}.Debug|Any CPU.Build.0 = Debug|Any CPU
		{7A703EEA-10D7-4944-AF33-5F5C80C75DC8}.Release|Any CPU.ActiveCfg = Release|Any CPU
		{7A703EEA-10D7-4944-AF33-5F5C80C75DC8}.Release|Any CPU.Build.0 = Release|Any CPU
		{5DE6455A-4FF7-42FB-B87A-815A02FB756C}.Debug|Any CPU.ActiveCfg = Debug|Any CPU
		{5DE6455A-4FF7-42FB-B87A-815A02FB756C}.Debug|Any CPU.Build.0 = Debug|Any CPU
		{5DE6455A-4FF7-42FB-B87A-815A02FB756C}.Release|Any CPU.ActiveCfg = Release|Any CPU
		{5DE6455A-4FF7-42FB-B87A-815A02FB756C}.Release|Any CPU.Build.0 = Release|Any CPU
		{612991BB-4A92-452E-B9CD-EBF53B70B10A}.Debug|Any CPU.ActiveCfg = Debug|Any CPU
		{612991BB-4A92-452E-B9CD-EBF53B70B10A}.Debug|Any CPU.Build.0 = Debug|Any CPU
		{612991BB-4A92-452E-B9CD-EBF53B70B10A}.Release|Any CPU.ActiveCfg = Release|Any CPU
		{612991BB-4A92-452E-B9CD-EBF53B70B10A}.Release|Any CPU.Build.0 = Release|Any CPU
		{1EDD096B-B393-43A6-9704-C19F038BB637}.Debug|Any CPU.ActiveCfg = Debug|Any CPU
		{1EDD096B-B393-43A6-9704-C19F038BB637}.Debug|Any CPU.Build.0 = Debug|Any CPU
		{1EDD096B-B393-43A6-9704-C19F038BB637}.Release|Any CPU.ActiveCfg = Release|Any CPU
		{1EDD096B-B393-43A6-9704-C19F038BB637}.Release|Any CPU.Build.0 = Release|Any CPU
		{A44ADB21-73A2-4266-878F-70CF94B26546}.Debug|Any CPU.ActiveCfg = Debug|Any CPU
		{A44ADB21-73A2-4266-878F-70CF94B26546}.Debug|Any CPU.Build.0 = Debug|Any CPU
		{A44ADB21-73A2-4266-878F-70CF94B26546}.Release|Any CPU.ActiveCfg = Release|Any CPU
		{A44ADB21-73A2-4266-878F-70CF94B26546}.Release|Any CPU.Build.0 = Release|Any CPU
		{BD317067-0DA4-4D57-9F52-729AB9D24672}.Debug|Any CPU.ActiveCfg = Debug|Any CPU
		{BD317067-0DA4-4D57-9F52-729AB9D24672}.Debug|Any CPU.Build.0 = Debug|Any CPU
		{BD317067-0DA4-4D57-9F52-729AB9D24672}.Release|Any CPU.ActiveCfg = Release|Any CPU
		{BD317067-0DA4-4D57-9F52-729AB9D24672}.Release|Any CPU.Build.0 = Release|Any CPU
		{A33F6C08-0DBF-4C64-9ADC-E72198C099A9}.Debug|Any CPU.ActiveCfg = Debug|Any CPU
		{A33F6C08-0DBF-4C64-9ADC-E72198C099A9}.Debug|Any CPU.Build.0 = Debug|Any CPU
		{A33F6C08-0DBF-4C64-9ADC-E72198C099A9}.Release|Any CPU.ActiveCfg = Release|Any CPU
		{A33F6C08-0DBF-4C64-9ADC-E72198C099A9}.Release|Any CPU.Build.0 = Release|Any CPU
		{0E5B6A16-0F45-420C-A003-0E0DABE8AB6C}.Debug|Any CPU.ActiveCfg = Debug|Any CPU
		{0E5B6A16-0F45-420C-A003-0E0DABE8AB6C}.Debug|Any CPU.Build.0 = Debug|Any CPU
		{0E5B6A16-0F45-420C-A003-0E0DABE8AB6C}.Release|Any CPU.ActiveCfg = Release|Any CPU
		{0E5B6A16-0F45-420C-A003-0E0DABE8AB6C}.Release|Any CPU.Build.0 = Release|Any CPU
		{3158CD08-D045-4715-94C7-1E6BB4D10B20}.Debug|Any CPU.ActiveCfg = Debug|Any CPU
		{3158CD08-D045-4715-94C7-1E6BB4D10B20}.Debug|Any CPU.Build.0 = Debug|Any CPU
		{3158CD08-D045-4715-94C7-1E6BB4D10B20}.Release|Any CPU.ActiveCfg = Release|Any CPU
		{3158CD08-D045-4715-94C7-1E6BB4D10B20}.Release|Any CPU.Build.0 = Release|Any CPU
		{51609089-FA68-4AE6-BCE2-CFC777033A15}.Debug|Any CPU.ActiveCfg = Debug|Any CPU
		{51609089-FA68-4AE6-BCE2-CFC777033A15}.Debug|Any CPU.Build.0 = Debug|Any CPU
		{51609089-FA68-4AE6-BCE2-CFC777033A15}.Release|Any CPU.ActiveCfg = Release|Any CPU
		{51609089-FA68-4AE6-BCE2-CFC777033A15}.Release|Any CPU.Build.0 = Release|Any CPU
		{3A135837-7CFE-4E0C-A70C-8E1CA37A5781}.Debug|Any CPU.ActiveCfg = Debug|Any CPU
		{3A135837-7CFE-4E0C-A70C-8E1CA37A5781}.Debug|Any CPU.Build.0 = Debug|Any CPU
		{3A135837-7CFE-4E0C-A70C-8E1CA37A5781}.Release|Any CPU.ActiveCfg = Release|Any CPU
		{3A135837-7CFE-4E0C-A70C-8E1CA37A5781}.Release|Any CPU.Build.0 = Release|Any CPU
	EndGlobalSection
	GlobalSection(SolutionProperties) = preSolution
		HideSolutionNode = FALSE
	EndGlobalSection
	GlobalSection(NestedProjects) = preSolution
		{F10FDB37-769F-49CA-9682-A021D4C3328C} = {081C841B-9807-4D97-B395-83B59D0E7F1D}
		{C8F37A06-186D-42A9-B0CC-450EEE059417} = {081C841B-9807-4D97-B395-83B59D0E7F1D}
		{2813741D-ED73-4E6C-AD52-84547728B338} = {081C841B-9807-4D97-B395-83B59D0E7F1D}
		{0EE272DB-0EFE-40CF-BE46-E47CA41DD9D8} = {081C841B-9807-4D97-B395-83B59D0E7F1D}
		{2F3094A2-68ED-4EE8-BCAA-CB870751ADEF} = {0EE272DB-0EFE-40CF-BE46-E47CA41DD9D8}
		{6C1B3C13-958E-46C0-8C36-49FD9FFDC23C} = {F10FDB37-769F-49CA-9682-A021D4C3328C}
		{3E92A325-42BF-4904-BDC0-FDF460699BEC} = {F10FDB37-769F-49CA-9682-A021D4C3328C}
		{8452D70A-1408-4C05-A76C-EE0853A10941} = {F10FDB37-769F-49CA-9682-A021D4C3328C}
		{0FE5642D-A76C-4416-990D-E47297FEACC3} = {F10FDB37-769F-49CA-9682-A021D4C3328C}
		{5E18AB5B-193E-49C8-A375-54DA0A03AC59} = {F10FDB37-769F-49CA-9682-A021D4C3328C}
		{D5D793D6-9DB5-4D02-97B2-F540E651C6E5} = {C8F37A06-186D-42A9-B0CC-450EEE059417}
		{EF1CF3A5-1C06-436C-B6D8-F3F9557CCF29} = {C8F37A06-186D-42A9-B0CC-450EEE059417}
		{2592A902-D341-4E44-8D1D-983DB0046761} = {C8F37A06-186D-42A9-B0CC-450EEE059417}
		{AA632253-93F6-42CE-9E3F-29529EF2A4AB} = {C8F37A06-186D-42A9-B0CC-450EEE059417}
		{06AA5218-7BF3-41DD-99DF-B95C17B64AF4} = {C8F37A06-186D-42A9-B0CC-450EEE059417}
		{DB8A5D67-19BA-42E6-996E-1C01F42B1BD9} = {C8F37A06-186D-42A9-B0CC-450EEE059417}
		{56CE3487-BCDA-463E-A7CB-F1D58AA9E993} = {C8F37A06-186D-42A9-B0CC-450EEE059417}
		{7A703EEA-10D7-4944-AF33-5F5C80C75DC8} = {2813741D-ED73-4E6C-AD52-84547728B338}
		{5DE6455A-4FF7-42FB-B87A-815A02FB756C} = {2813741D-ED73-4E6C-AD52-84547728B338}
		{612991BB-4A92-452E-B9CD-EBF53B70B10A} = {2813741D-ED73-4E6C-AD52-84547728B338}
		{2BBDACDB-67C8-4EBB-982B-65B44B3AFD9C} = {081C841B-9807-4D97-B395-83B59D0E7F1D}
		{1EDD096B-B393-43A6-9704-C19F038BB637} = {2BBDACDB-67C8-4EBB-982B-65B44B3AFD9C}
		{A44ADB21-73A2-4266-878F-70CF94B26546} = {2BBDACDB-67C8-4EBB-982B-65B44B3AFD9C}
		{BD317067-0DA4-4D57-9F52-729AB9D24672} = {2BBDACDB-67C8-4EBB-982B-65B44B3AFD9C}
		{A33F6C08-0DBF-4C64-9ADC-E72198C099A9} = {2BBDACDB-67C8-4EBB-982B-65B44B3AFD9C}
		{0E5B6A16-0F45-420C-A003-0E0DABE8AB6C} = {2BBDACDB-67C8-4EBB-982B-65B44B3AFD9C}
		{5E2B82DC-64C6-4E26-AA80-0E8B1809DDEB} = {081C841B-9807-4D97-B395-83B59D0E7F1D}
		{3158CD08-D045-4715-94C7-1E6BB4D10B20} = {5E2B82DC-64C6-4E26-AA80-0E8B1809DDEB}
		{51609089-FA68-4AE6-BCE2-CFC777033A15} = {5E2B82DC-64C6-4E26-AA80-0E8B1809DDEB}
		{3A135837-7CFE-4E0C-A70C-8E1CA37A5781} = {5E2B82DC-64C6-4E26-AA80-0E8B1809DDEB}
	EndGlobalSection
	GlobalSection(ExtensibilityGlobals) = postSolution
		SolutionGuid = {97A31556-E067-4D60-91B4-208355B4A289}
	EndGlobalSection
EndGlobal
